
Microsoft Visual Studio Solution File, Format Version 12.00
# Visual Studio Version 17
VisualStudioVersion = 17.13.35931.197 d17.13
MinimumVisualStudioVersion = 10.0.40219.1
Project("{FAE04EC0-301F-11D3-BF4B-00C04F79EFBC}") = "MauiAppHotel", "MauiAppHotel\MauiAppHotel.csproj", "{EF178EF9-3997-42CC-861C-8A6F37159F22}"
EndProject
Global
	GlobalSection(SolutionConfigurationPlatforms) = preSolution
		Debug|Any CPU = Debug|Any CPU
		Release|Any CPU = Release|Any CPU
	EndGlobalSection
	GlobalSection(ProjectConfigurationPlatforms) = postSolution
		{EF178EF9-3997-42CC-861C-8A6F37159F22}.Debug|Any CPU.ActiveCfg = Debug|Any CPU
		{EF178EF9-3997-42CC-861C-8A6F37159F22}.Debug|Any CPU.Build.0 = Debug|Any CPU
		{EF178EF9-3997-42CC-861C-8A6F37159F22}.Release|Any CPU.ActiveCfg = Release|Any CPU
		{EF178EF9-3997-42CC-861C-8A6F37159F22}.Release|Any CPU.Build.0 = Release|Any CPU
	EndGlobalSection
	GlobalSection(SolutionProperties) = preSolution
		HideSolutionNode = FALSE
	EndGlobalSection
	GlobalSection(ExtensibilityGlobals) = postSolution
		SolutionGuid = {001EA5D6-4540-48D1-A94F-7FB6A485CA6F}
	EndGlobalSection
EndGlobal
